
Microsoft Visual Studio Solution File, Format Version 12.00
# Visual Studio Version 16
VisualStudioVersion = 16.0.29613.14
MinimumVisualStudioVersion = 10.0.40219.1
Project("{FAE04EC0-301F-11D3-BF4B-00C04F79EFBC}") = "Carpark_TCP_2", "Carpark_TCP_2.csproj", "{DDF1B9D5-A8DF-4587-ABBD-633B43D08748}"
EndProject
Global
	GlobalSection(SolutionConfigurationPlatforms) = preSolution
		Debug|Any CPU = Debug|Any CPU
		Release|Any CPU = Release|Any CPU
	EndGlobalSection
	GlobalSection(ProjectConfigurationPlatforms) = postSolution
		{DDF1B9D5-A8DF-4587-ABBD-633B43D08748}.Debug|Any CPU.ActiveCfg = Debug|Any CPU
		{DDF1B9D5-A8DF-4587-ABBD-633B43D08748}.Debug|Any CPU.Build.0 = Debug|Any CPU
		{DDF1B9D5-A8DF-4587-ABBD-633B43D08748}.Release|Any CPU.ActiveCfg = Release|Any CPU
		{DDF1B9D5-A8DF-4587-ABBD-633B43D08748}.Release|Any CPU.Build.0 = Release|Any CPU
	EndGlobalSection
	GlobalSection(SolutionProperties) = preSolution
		HideSolutionNode = FALSE
	EndGlobalSection
	GlobalSection(ExtensibilityGlobals) = postSolution
		SolutionGuid = {9BA024A3-DB18-4A27-8125-3929E9C11A2B}
	EndGlobalSection
EndGlobal
